# generated by rye
# use `rye lock` or `rye sync` to update this lockfile
#
# last locked with the following flags:
#   pre: false
#   features: []
#   all-features: false
#   with-sources: false

-e file:.
click==8.1.7
    # via typer
coverage==7.5.4
    # via pytest-cov
iniconfig==2.0.0
    # via pytest
markdown-it-py==3.0.0
    # via rich
mdurl==0.1.2
    # via markdown-it-py
mypy==1.10.1
    # via bookish-octo-invention
mypy-extensions==1.0.0
    # via mypy
packaging==24.1
    # via pytest
pluggy==1.5.0
    # via pytest
pygments==2.18.0
    # via rich
pytest==8.2.2
    # via pytest-cov
pytest-cov==5.0.0
rich==13.7.1
    # via typer
ruff==0.5.0
    # via bookish-octo-invention
shellingham==1.5.4
    # via typer
typer==0.12.3
    # via bookish-octo-invention
typing-extensions==4.12.2
    # via mypy
    # via typer
